// !$*UTF8*$!
{
	archiveVersion = 1;
	classes = {
	};
	objectVersion = 50;
	objects = {

/* Begin PBXBuildFile section */
		FD1096F725F252AF00C015BF /* AppDelegate.swift in Sources */ = {isa = PBXBuildFile; fileRef = FD1096F625F252AF00C015BF /* AppDelegate.swift */; };
		FD10970025F252BA00C015BF /* Assets.xcassets in Resources */ = {isa = PBXBuildFile; fileRef = FD1096FF25F252BA00C015BF /* Assets.xcassets */; };
		FD10970325F252BA00C015BF /* LaunchScreen.storyboard in Resources */ = {isa = PBXBuildFile; fileRef = FD10970125F252BA00C015BF /* LaunchScreen.storyboard */; };
		FDF69B1625FA37B6006EBE68 /* Coordinator.swift in Sources */ = {isa = PBXBuildFile; fileRef = FDF69B1525FA37B5006EBE68 /* Coordinator.swift */; };
		FDF69B1C25FA38F6006EBE68 /* AppCoordinator.swift in Sources */ = {isa = PBXBuildFile; fileRef = FDF69B1B25FA38F6006EBE68 /* AppCoordinator.swift */; };
		FDF69B2B25FB432E006EBE68 /* BaseViewController.swift in Sources */ = {isa = PBXBuildFile; fileRef = FDF69B2A25FB432E006EBE68 /* BaseViewController.swift */; };
		FDF69B2E25FB4349006EBE68 /* BaseNavigationController.swift in Sources */ = {isa = PBXBuildFile; fileRef = FDF69B2D25FB4349006EBE68 /* BaseNavigationController.swift */; };
		FDF69B3225FB43AB006EBE68 /* UIColor+Extension.swift in Sources */ = {isa = PBXBuildFile; fileRef = FDF69B3125FB43AB006EBE68 /* UIColor+Extension.swift */; };
		FDF69B4C25FB5DEE006EBE68 /* StartViewModel.swift in Sources */ = {isa = PBXBuildFile; fileRef = FDF69B4B25FB5DEE006EBE68 /* StartViewModel.swift */; };
		FDF69B4F25FB5DFE006EBE68 /* StartConfigurator.swift in Sources */ = {isa = PBXBuildFile; fileRef = FDF69B4E25FB5DFE006EBE68 /* StartConfigurator.swift */; };
		FDF69B5225FB5E0B006EBE68 /* StartView.xib in Resources */ = {isa = PBXBuildFile; fileRef = FDF69B5125FB5E0B006EBE68 /* StartView.xib */; };
		FDF69B5625FB5E24006EBE68 /* StartViewController.swift in Sources */ = {isa = PBXBuildFile; fileRef = FDF69B5525FB5E24006EBE68 /* StartViewController.swift */; };
		FDF69B5F25FB670B006EBE68 /* AppSetup.swift in Sources */ = {isa = PBXBuildFile; fileRef = FDF69B5E25FB670B006EBE68 /* AppSetup.swift */; };
/* End PBXBuildFile section */

/* Begin PBXFileReference section */
		FD1096F325F252AE00C015BF /* mvp_test.app */ = {isa = PBXFileReference; explicitFileType = wrapper.application; includeInIndex = 0; path = mvp_test.app; sourceTree = BUILT_PRODUCTS_DIR; };
		FD1096F625F252AF00C015BF /* AppDelegate.swift */ = {isa = PBXFileReference; lastKnownFileType = sourcecode.swift; path = AppDelegate.swift; sourceTree = "<group>"; };
		FD1096FF25F252BA00C015BF /* Assets.xcassets */ = {isa = PBXFileReference; lastKnownFileType = folder.assetcatalog; path = Assets.xcassets; sourceTree = "<group>"; };
		FD10970225F252BA00C015BF /* Base */ = {isa = PBXFileReference; lastKnownFileType = file.storyboard; name = Base; path = Base.lproj/LaunchScreen.storyboard; sourceTree = "<group>"; };
		FD10970425F252BA00C015BF /* Info.plist */ = {isa = PBXFileReference; lastKnownFileType = text.plist.xml; path = Info.plist; sourceTree = "<group>"; };
		FDF69B1525FA37B5006EBE68 /* Coordinator.swift */ = {isa = PBXFileReference; lastKnownFileType = sourcecode.swift; path = Coordinator.swift; sourceTree = "<group>"; };
		FDF69B1B25FA38F6006EBE68 /* AppCoordinator.swift */ = {isa = PBXFileReference; lastKnownFileType = sourcecode.swift; path = AppCoordinator.swift; sourceTree = "<group>"; };
		FDF69B2A25FB432E006EBE68 /* BaseViewController.swift */ = {isa = PBXFileReference; lastKnownFileType = sourcecode.swift; path = BaseViewController.swift; sourceTree = "<group>"; };
		FDF69B2D25FB4349006EBE68 /* BaseNavigationController.swift */ = {isa = PBXFileReference; lastKnownFileType = sourcecode.swift; path = BaseNavigationController.swift; sourceTree = "<group>"; };
		FDF69B3125FB43AB006EBE68 /* UIColor+Extension.swift */ = {isa = PBXFileReference; lastKnownFileType = sourcecode.swift; path = "UIColor+Extension.swift"; sourceTree = "<group>"; };
		FDF69B4B25FB5DEE006EBE68 /* StartViewModel.swift */ = {isa = PBXFileReference; lastKnownFileType = sourcecode.swift; path = StartViewModel.swift; sourceTree = "<group>"; };
		FDF69B4E25FB5DFE006EBE68 /* StartConfigurator.swift */ = {isa = PBXFileReference; lastKnownFileType = sourcecode.swift; path = StartConfigurator.swift; sourceTree = "<group>"; };
		FDF69B5125FB5E0B006EBE68 /* StartView.xib */ = {isa = PBXFileReference; lastKnownFileType = file.xib; path = StartView.xib; sourceTree = "<group>"; };
		FDF69B5525FB5E24006EBE68 /* StartViewController.swift */ = {isa = PBXFileReference; lastKnownFileType = sourcecode.swift; path = StartViewController.swift; sourceTree = "<group>"; };
		FDF69B5E25FB670B006EBE68 /* AppSetup.swift */ = {isa = PBXFileReference; lastKnownFileType = sourcecode.swift; path = AppSetup.swift; sourceTree = "<group>"; };
/* End PBXFileReference section */

/* Begin PBXFrameworksBuildPhase section */
		FD1096F025F252AE00C015BF /* Frameworks */ = {
			isa = PBXFrameworksBuildPhase;
			buildActionMask = 2147483647;
			files = (
			);
			runOnlyForDeploymentPostprocessing = 0;
		};
/* End PBXFrameworksBuildPhase section */

/* Begin PBXGroup section */
		FD1096EA25F252AE00C015BF = {
			isa = PBXGroup;
			children = (
				FD1096F525F252AF00C015BF /* mvp_test */,
				FD1096F425F252AF00C015BF /* Products */,
			);
			sourceTree = "<group>";
		};
		FD1096F425F252AF00C015BF /* Products */ = {
			isa = PBXGroup;
			children = (
				FD1096F325F252AE00C015BF /* mvp_test.app */,
			);
			name = Products;
			sourceTree = "<group>";
		};
		FD1096F525F252AF00C015BF /* mvp_test */ = {
			isa = PBXGroup;
			children = (
				FDF69B3025FB438A006EBE68 /* Extensions */,
				FDF69B2925FB431A006EBE68 /* Controllers */,
				FD10970F25F2541800C015BF /* Common */,
				FDF69B3925FB46DC006EBE68 /* Coordinators */,
				FD10970D25F2540100C015BF /* Modules */,
				FD1096F625F252AF00C015BF /* AppDelegate.swift */,
				FDF69B5E25FB670B006EBE68 /* AppSetup.swift */,
				FD1096FF25F252BA00C015BF /* Assets.xcassets */,
				FD10970125F252BA00C015BF /* LaunchScreen.storyboard */,
				FD10970425F252BA00C015BF /* Info.plist */,
			);
			path = mvp_test;
			sourceTree = "<group>";
		};
		FD10970D25F2540100C015BF /* Modules */ = {
			isa = PBXGroup;
			children = (
				FDF69B4725FB5DA0006EBE68 /* Start */,
			);
			path = Modules;
			sourceTree = "<group>";
		};
		FD10970F25F2541800C015BF /* Common */ = {
			isa = PBXGroup;
			children = (
				FDF69B1525FA37B5006EBE68 /* Coordinator.swift */,
				FDF69B1B25FA38F6006EBE68 /* AppCoordinator.swift */,
			);
			path = Common;
			sourceTree = "<group>";
		};
		FDF69B2925FB431A006EBE68 /* Controllers */ = {
			isa = PBXGroup;
			children = (
				FDF69B2A25FB432E006EBE68 /* BaseViewController.swift */,
				FDF69B2D25FB4349006EBE68 /* BaseNavigationController.swift */,
			);
			path = Controllers;
			sourceTree = "<group>";
		};
		FDF69B3025FB438A006EBE68 /* Extensions */ = {
			isa = PBXGroup;
			children = (
				FDF69B3125FB43AB006EBE68 /* UIColor+Extension.swift */,
			);
			path = Extensions;
			sourceTree = "<group>";
		};
		FDF69B3925FB46DC006EBE68 /* Coordinators */ = {
			isa = PBXGroup;
			children = (
			);
			path = Coordinators;
			sourceTree = "<group>";
		};
		FDF69B4725FB5DA0006EBE68 /* Start */ = {
			isa = PBXGroup;
			children = (
				FDF69B5125FB5E0B006EBE68 /* StartView.xib */,
				FDF69B5525FB5E24006EBE68 /* StartViewController.swift */,
				FDF69B4B25FB5DEE006EBE68 /* StartViewModel.swift */,
				FDF69B4E25FB5DFE006EBE68 /* StartConfigurator.swift */,
			);
			path = Start;
			sourceTree = "<group>";
		};
/* End PBXGroup section */

/* Begin PBXNativeTarget section */
		FD1096F225F252AE00C015BF /* mvp_test */ = {
			isa = PBXNativeTarget;
			buildConfigurationList = FD10970725F252BA00C015BF /* Build configuration list for PBXNativeTarget "mvp_test" */;
			buildPhases = (
				FD1096EF25F252AE00C015BF /* Sources */,
				FD1096F025F252AE00C015BF /* Frameworks */,
				FD1096F125F252AE00C015BF /* Resources */,
			);
			buildRules = (
			);
			dependencies = (
			);
			name = mvp_test;
			productName = mvp_test;
			productReference = FD1096F325F252AE00C015BF /* mvp_test.app */;
			productType = "com.apple.product-type.application";
		};
/* End PBXNativeTarget section */

/* Begin PBXProject section */
		FD1096EB25F252AE00C015BF /* Project object */ = {
			isa = PBXProject;
			attributes = {
				LastSwiftUpdateCheck = 1240;
				LastUpgradeCheck = 1240;
				TargetAttributes = {
					FD1096F225F252AE00C015BF = {
						CreatedOnToolsVersion = 12.4;
					};
				};
			};
			buildConfigurationList = FD1096EE25F252AE00C015BF /* Build configuration list for PBXProject "mvp_test" */;
			compatibilityVersion = "Xcode 9.3";
			developmentRegion = en;
			hasScannedForEncodings = 0;
			knownRegions = (
				en,
				Base,
			);
			mainGroup = FD1096EA25F252AE00C015BF;
			productRefGroup = FD1096F425F252AF00C015BF /* Products */;
			projectDirPath = "";
			projectRoot = "";
			targets = (
				FD1096F225F252AE00C015BF /* mvp_test */,
			);
		};
/* End PBXProject section */

/* Begin PBXResourcesBuildPhase section */
		FD1096F125F252AE00C015BF /* Resources */ = {
			isa = PBXResourcesBuildPhase;
			buildActionMask = 2147483647;
			files = (
				FD10970325F252BA00C015BF /* LaunchScreen.storyboard in Resources */,
				FD10970025F252BA00C015BF /* Assets.xcassets in Resources */,
				FDF69B5225FB5E0B006EBE68 /* StartView.xib in Resources */,
			);
			runOnlyForDeploymentPostprocessing = 0;
		};
/* End PBXResourcesBuildPhase section */

/* Begin PBXSourcesBuildPhase section */
		FD1096EF25F252AE00C015BF /* Sources */ = {
			isa = PBXSourcesBuildPhase;
			buildActionMask = 2147483647;
			files = (
				FDF69B4C25FB5DEE006EBE68 /* StartViewModel.swift in Sources */,
				FDF69B5F25FB670B006EBE68 /* AppSetup.swift in Sources */,
				FD1096F725F252AF00C015BF /* AppDelegate.swift in Sources */,
				FDF69B1625FA37B6006EBE68 /* Coordinator.swift in Sources */,
				FDF69B1C25FA38F6006EBE68 /* AppCoordinator.swift in Sources */,
				FDF69B2E25FB4349006EBE68 /* BaseNavigationController.swift in Sources */,
				FDF69B4F25FB5DFE006EBE68 /* StartConfigurator.swift in Sources */,
				FDF69B2B25FB432E006EBE68 /* BaseViewController.swift in Sources */,
				FDF69B5625FB5E24006EBE68 /* StartViewController.swift in Sources */,
				FDF69B3225FB43AB006EBE68 /* UIColor+Extension.swift in Sources */,
			);
			runOnlyForDeploymentPostprocessing = 0;
		};
/* End PBXSourcesBuildPhase section */

/* Begin PBXVariantGroup section */
		FD10970125F252BA00C015BF /* LaunchScreen.storyboard */ = {
			isa = PBXVariantGroup;
			children = (
				FD10970225F252BA00C015BF /* Base */,
			);
			name = LaunchScreen.storyboard;
			sourceTree = "<group>";
		};
/* End PBXVariantGroup section */

/* Begin XCBuildConfiguration section */
		FD10970525F252BA00C015BF /* Debug */ = {
			isa = XCBuildConfiguration;
			buildSettings = {
				ALWAYS_SEARCH_USER_PATHS = NO;
				CLANG_ANALYZER_NONNULL = YES;
				CLANG_ANALYZER_NUMBER_OBJECT_CONVERSION = YES_AGGRESSIVE;
				CLANG_CXX_LANGUAGE_STANDARD = "gnu++14";
				CLANG_CXX_LIBRARY = "libc++";
				CLANG_ENABLE_MODULES = YES;
				CLANG_ENABLE_OBJC_ARC = YES;
				CLANG_ENABLE_OBJC_WEAK = YES;
				CLANG_WARN_BLOCK_CAPTURE_AUTORELEASING = YES;
				CLANG_WARN_BOOL_CONVERSION = YES;
				CLANG_WARN_COMMA = YES;
				CLANG_WARN_CONSTANT_CONVERSION = YES;
				CLANG_WARN_DEPRECATED_OBJC_IMPLEMENTATIONS = YES;
				CLANG_WARN_DIRECT_OBJC_ISA_USAGE = YES_ERROR;
				CLANG_WARN_DOCUMENTATION_COMMENTS = YES;
				CLANG_WARN_EMPTY_BODY = YES;
				CLANG_WARN_ENUM_CONVERSION = YES;
				CLANG_WARN_INFINITE_RECURSION = YES;
				CLANG_WARN_INT_CONVERSION = YES;
				CLANG_WARN_NON_LITERAL_NULL_CONVERSION = YES;
				CLANG_WARN_OBJC_IMPLICIT_RETAIN_SELF = YES;
				CLANG_WARN_OBJC_LITERAL_CONVERSION = YES;
				CLANG_WARN_OBJC_ROOT_CLASS = YES_ERROR;
				CLANG_WARN_QUOTED_INCLUDE_IN_FRAMEWORK_HEADER = YES;
				CLANG_WARN_RANGE_LOOP_ANALYSIS = YES;
				CLANG_WARN_STRICT_PROTOTYPES = YES;
				CLANG_WARN_SUSPICIOUS_MOVE = YES;
				CLANG_WARN_UNGUARDED_AVAILABILITY = YES_AGGRESSIVE;
				CLANG_WARN_UNREACHABLE_CODE = YES;
				CLANG_WARN__DUPLICATE_METHOD_MATCH = YES;
				COPY_PHASE_STRIP = NO;
				DEBUG_INFORMATION_FORMAT = dwarf;
				ENABLE_STRICT_OBJC_MSGSEND = YES;
				ENABLE_TESTABILITY = YES;
				GCC_C_LANGUAGE_STANDARD = gnu11;
				GCC_DYNAMIC_NO_PIC = NO;
				GCC_NO_COMMON_BLOCKS = YES;
				GCC_OPTIMIZATION_LEVEL = 0;
				GCC_PREPROCESSOR_DEFINITIONS = (
					"DEBUG=1",
					"$(inherited)",
				);
				GCC_WARN_64_TO_32_BIT_CONVERSION = YES;
				GCC_WARN_ABOUT_RETURN_TYPE = YES_ERROR;
				GCC_WARN_UNDECLARED_SELECTOR = YES;
				GCC_WARN_UNINITIALIZED_AUTOS = YES_AGGRESSIVE;
				GCC_WARN_UNUSED_FUNCTION = YES;
				GCC_WARN_UNUSED_VARIABLE = YES;
				IPHONEOS_DEPLOYMENT_TARGET = 12.3;
				MTL_ENABLE_DEBUG_INFO = INCLUDE_SOURCE;
				MTL_FAST_MATH = YES;
				ONLY_ACTIVE_ARCH = YES;
				SDKROOT = iphoneos;
				SWIFT_ACTIVE_COMPILATION_CONDITIONS = DEBUG;
				SWIFT_OPTIMIZATION_LEVEL = "-Onone";
			};
			name = Debug;
		};
		FD10970625F252BA00C015BF /* Release */ = {
			isa = XCBuildConfiguration;
			buildSettings = {
				ALWAYS_SEARCH_USER_PATHS = NO;
				CLANG_ANALYZER_NONNULL = YES;
				CLANG_ANALYZER_NUMBER_OBJECT_CONVERSION = YES_AGGRESSIVE;
				CLANG_CXX_LANGUAGE_STANDARD = "gnu++14";
				CLANG_CXX_LIBRARY = "libc++";
				CLANG_ENABLE_MODULES = YES;
				CLANG_ENABLE_OBJC_ARC = YES;
				CLANG_ENABLE_OBJC_WEAK = YES;
				CLANG_WARN_BLOCK_CAPTURE_AUTORELEASING = YES;
				CLANG_WARN_BOOL_CONVERSION = YES;
				CLANG_WARN_COMMA = YES;
				CLANG_WARN_CONSTANT_CONVERSION = YES;
				CLANG_WARN_DEPRECATED_OBJC_IMPLEMENTATIONS = YES;
				CLANG_WARN_DIRECT_OBJC_ISA_USAGE = YES_ERROR;
				CLANG_WARN_DOCUMENTATION_COMMENTS = YES;
				CLANG_WARN_EMPTY_BODY = YES;
				CLANG_WARN_ENUM_CONVERSION = YES;
				CLANG_WARN_INFINITE_RECURSION = YES;
				CLANG_WARN_INT_CONVERSION = YES;
				CLANG_WARN_NON_LITERAL_NULL_CONVERSION = YES;
				CLANG_WARN_OBJC_IMPLICIT_RETAIN_SELF = YES;
				CLANG_WARN_OBJC_LITERAL_CONVERSION = YES;
				CLANG_WARN_OBJC_ROOT_CLASS = YES_ERROR;
				CLANG_WARN_QUOTED_INCLUDE_IN_FRAMEWORK_HEADER = YES;
				CLANG_WARN_RANGE_LOOP_ANALYSIS = YES;
				CLANG_WARN_STRICT_PROTOTYPES = YES;
				CLANG_WARN_SUSPICIOUS_MOVE = YES;
				CLANG_WARN_UNGUARDED_AVAILABILITY = YES_AGGRESSIVE;
				CLANG_WARN_UNREACHABLE_CODE = YES;
				CLANG_WARN__DUPLICATE_METHOD_MATCH = YES;
				COPY_PHASE_STRIP = NO;
				DEBUG_INFORMATION_FORMAT = "dwarf-with-dsym";
				ENABLE_NS_ASSERTIONS = NO;
				ENABLE_STRICT_OBJC_MSGSEND = YES;
				GCC_C_LANGUAGE_STANDARD = gnu11;
				GCC_NO_COMMON_BLOCKS = YES;
				GCC_WARN_64_TO_32_BIT_CONVERSION = YES;
				GCC_WARN_ABOUT_RETURN_TYPE = YES_ERROR;
				GCC_WARN_UNDECLARED_SELECTOR = YES;
				GCC_WARN_UNINITIALIZED_AUTOS = YES_AGGRESSIVE;
				GCC_WARN_UNUSED_FUNCTION = YES;
				GCC_WARN_UNUSED_VARIABLE = YES;
				IPHONEOS_DEPLOYMENT_TARGET = 12.3;
				MTL_ENABLE_DEBUG_INFO = NO;
				MTL_FAST_MATH = YES;
				SDKROOT = iphoneos;
				SWIFT_COMPILATION_MODE = wholemodule;
				SWIFT_OPTIMIZATION_LEVEL = "-O";
				VALIDATE_PRODUCT = YES;
			};
			name = Release;
		};
		FD10970825F252BA00C015BF /* Debug */ = {
			isa = XCBuildConfiguration;
			buildSettings = {
				ASSETCATALOG_COMPILER_APPICON_NAME = AppIcon;
				ASSETCATALOG_COMPILER_GLOBAL_ACCENT_COLOR_NAME = AccentColor;
				CODE_SIGN_STYLE = Automatic;
				DEVELOPMENT_TEAM = RH4ADBYDUN;
				INFOPLIST_FILE = mvp_test/Info.plist;
				IPHONEOS_DEPLOYMENT_TARGET = 12.3;
				LD_RUNPATH_SEARCH_PATHS = (
					"$(inherited)",
					"@executable_path/Frameworks",
				);
				PRODUCT_BUNDLE_IDENTIFIER = "test.mvp-test";
				PRODUCT_NAME = "$(TARGET_NAME)";
				SWIFT_VERSION = 5.0;
				TARGETED_DEVICE_FAMILY = "1,2";
			};
			name = Debug;
		};
		FD10970925F252BA00C015BF /* Release */ = {
			isa = XCBuildConfiguration;
			buildSettings = {
				ASSETCATALOG_COMPILER_APPICON_NAME = AppIcon;
				ASSETCATALOG_COMPILER_GLOBAL_ACCENT_COLOR_NAME = AccentColor;
				CODE_SIGN_STYLE = Automatic;
				DEVELOPMENT_TEAM = RH4ADBYDUN;
				INFOPLIST_FILE = mvp_test/Info.plist;
				IPHONEOS_DEPLOYMENT_TARGET = 12.3;
				LD_RUNPATH_SEARCH_PATHS = (
					"$(inherited)",
					"@executable_path/Frameworks",
				);
				PRODUCT_BUNDLE_IDENTIFIER = "test.mvp-test";
				PRODUCT_NAME = "$(TARGET_NAME)";
				SWIFT_VERSION = 5.0;
				TARGETED_DEVICE_FAMILY = "1,2";
			};
			name = Release;
		};
/* End XCBuildConfiguration section */

/* Begin XCConfigurationList section */
		FD1096EE25F252AE00C015BF /* Build configuration list for PBXProject "mvp_test" */ = {
			isa = XCConfigurationList;
			buildConfigurations = (
				FD10970525F252BA00C015BF /* Debug */,
				FD10970625F252BA00C015BF /* Release */,
			);
			defaultConfigurationIsVisible = 0;
			defaultConfigurationName = Release;
		};
		FD10970725F252BA00C015BF /* Build configuration list for PBXNativeTarget "mvp_test" */ = {
			isa = XCConfigurationList;
			buildConfigurations = (
				FD10970825F252BA00C015BF /* Debug */,
				FD10970925F252BA00C015BF /* Release */,
			);
			defaultConfigurationIsVisible = 0;
			defaultConfigurationName = Release;
		};
/* End XCConfigurationList section */
	};
	rootObject = FD1096EB25F252AE00C015BF /* Project object */;
}
