// !$*UTF8*$!
{
	archiveVersion = 1;
	classes = {
	};
	objectVersion = 50;
	objects = {

/* Begin PBXBuildFile section */
		FD1096F725F252AF00C015BF /* AppDelegate.swift in Sources */ = {isa = PBXBuildFile; fileRef = FD1096F625F252AF00C015BF /* AppDelegate.swift */; };
		FD1096F925F252AF00C015BF /* SceneDelegate.swift in Sources */ = {isa = PBXBuildFile; fileRef = FD1096F825F252AF00C015BF /* SceneDelegate.swift */; };
		FD10970025F252BA00C015BF /* Assets.xcassets in Resources */ = {isa = PBXBuildFile; fileRef = FD1096FF25F252BA00C015BF /* Assets.xcassets */; };
		FD10970325F252BA00C015BF /* LaunchScreen.storyboard in Resources */ = {isa = PBXBuildFile; fileRef = FD10970125F252BA00C015BF /* LaunchScreen.storyboard */; };
		FDF69AC925F899AD006EBE68 /* FirstVC.swift in Sources */ = {isa = PBXBuildFile; fileRef = FDF69AC825F899AD006EBE68 /* FirstVC.swift */; };
		FDF69ACC25F89A1B006EBE68 /* FirstVM.swift in Sources */ = {isa = PBXBuildFile; fileRef = FDF69ACB25F89A1B006EBE68 /* FirstVM.swift */; };
		FDF69ACF25F8A0C9006EBE68 /* FirstView.xib in Resources */ = {isa = PBXBuildFile; fileRef = FDF69ACE25F8A0C9006EBE68 /* FirstView.xib */; };
		FDF69ADA25F8A204006EBE68 /* FirstCoordinator.swift in Sources */ = {isa = PBXBuildFile; fileRef = FDF69AD925F8A204006EBE68 /* FirstCoordinator.swift */; };
/* End PBXBuildFile section */

/* Begin PBXFileReference section */
		FD1096F325F252AE00C015BF /* mvp_test.app */ = {isa = PBXFileReference; explicitFileType = wrapper.application; includeInIndex = 0; path = mvp_test.app; sourceTree = BUILT_PRODUCTS_DIR; };
		FD1096F625F252AF00C015BF /* AppDelegate.swift */ = {isa = PBXFileReference; lastKnownFileType = sourcecode.swift; path = AppDelegate.swift; sourceTree = "<group>"; };
		FD1096F825F252AF00C015BF /* SceneDelegate.swift */ = {isa = PBXFileReference; lastKnownFileType = sourcecode.swift; path = SceneDelegate.swift; sourceTree = "<group>"; };
		FD1096FF25F252BA00C015BF /* Assets.xcassets */ = {isa = PBXFileReference; lastKnownFileType = folder.assetcatalog; path = Assets.xcassets; sourceTree = "<group>"; };
		FD10970225F252BA00C015BF /* Base */ = {isa = PBXFileReference; lastKnownFileType = file.storyboard; name = Base; path = Base.lproj/LaunchScreen.storyboard; sourceTree = "<group>"; };
		FD10970425F252BA00C015BF /* Info.plist */ = {isa = PBXFileReference; lastKnownFileType = text.plist.xml; path = Info.plist; sourceTree = "<group>"; };
		FDF69AC825F899AD006EBE68 /* FirstVC.swift */ = {isa = PBXFileReference; lastKnownFileType = sourcecode.swift; path = FirstVC.swift; sourceTree = "<group>"; };
		FDF69ACB25F89A1B006EBE68 /* FirstVM.swift */ = {isa = PBXFileReference; lastKnownFileType = sourcecode.swift; path = FirstVM.swift; sourceTree = "<group>"; };
		FDF69ACE25F8A0C9006EBE68 /* FirstView.xib */ = {isa = PBXFileReference; lastKnownFileType = file.xib; path = FirstView.xib; sourceTree = "<group>"; };
		FDF69AD925F8A204006EBE68 /* FirstCoordinator.swift */ = {isa = PBXFileReference; lastKnownFileType = sourcecode.swift; path = FirstCoordinator.swift; sourceTree = "<group>"; };
/* End PBXFileReference section */

/* Begin PBXFrameworksBuildPhase section */
		FD1096F025F252AE00C015BF /* Frameworks */ = {
			isa = PBXFrameworksBuildPhase;
			buildActionMask = 2147483647;
			files = (
			);
			runOnlyForDeploymentPostprocessing = 0;
		};
/* End PBXFrameworksBuildPhase section */

/* Begin PBXGroup section */
		FD1096EA25F252AE00C015BF = {
			isa = PBXGroup;
			children = (
				FD1096F525F252AF00C015BF /* mvp_test */,
				FD1096F425F252AF00C015BF /* Products */,
			);
			sourceTree = "<group>";
		};
		FD1096F425F252AF00C015BF /* Products */ = {
			isa = PBXGroup;
			children = (
				FD1096F325F252AE00C015BF /* mvp_test.app */,
			);
			name = Products;
			sourceTree = "<group>";
		};
		FD1096F525F252AF00C015BF /* mvp_test */ = {
			isa = PBXGroup;
			children = (
				FD10970F25F2541800C015BF /* Common */,
				FD10970D25F2540100C015BF /* Modules */,
				FD1096F625F252AF00C015BF /* AppDelegate.swift */,
				FD1096F825F252AF00C015BF /* SceneDelegate.swift */,
				FD1096FF25F252BA00C015BF /* Assets.xcassets */,
				FD10970125F252BA00C015BF /* LaunchScreen.storyboard */,
				FD10970425F252BA00C015BF /* Info.plist */,
			);
			path = mvp_test;
			sourceTree = "<group>";
		};
		FD10970D25F2540100C015BF /* Modules */ = {
			isa = PBXGroup;
			children = (
				FD10970E25F2540700C015BF /* FirstModule */,
			);
			path = Modules;
			sourceTree = "<group>";
		};
		FD10970E25F2540700C015BF /* FirstModule */ = {
			isa = PBXGroup;
			children = (
				FDF69AD925F8A204006EBE68 /* FirstCoordinator.swift */,
				FDF69AC825F899AD006EBE68 /* FirstVC.swift */,
				FDF69ACB25F89A1B006EBE68 /* FirstVM.swift */,
				FDF69ACE25F8A0C9006EBE68 /* FirstView.xib */,
			);
			path = FirstModule;
			sourceTree = "<group>";
		};
		FD10970F25F2541800C015BF /* Common */ = {
			isa = PBXGroup;
			children = (
			);
			path = Common;
			sourceTree = "<group>";
		};
/* End PBXGroup section */

/* Begin PBXNativeTarget section */
		FD1096F225F252AE00C015BF /* mvp_test */ = {
			isa = PBXNativeTarget;
			buildConfigurationList = FD10970725F252BA00C015BF /* Build configuration list for PBXNativeTarget "mvp_test" */;
			buildPhases = (
				FD1096EF25F252AE00C015BF /* Sources */,
				FD1096F025F252AE00C015BF /* Frameworks */,
				FD1096F125F252AE00C015BF /* Resources */,
			);
			buildRules = (
			);
			dependencies = (
			);
			name = mvp_test;
			productName = mvp_test;
			productReference = FD1096F325F252AE00C015BF /* mvp_test.app */;
			productType = "com.apple.product-type.application";
		};
/* End PBXNativeTarget section */

/* Begin PBXProject section */
		FD1096EB25F252AE00C015BF /* Project object */ = {
			isa = PBXProject;
			attributes = {
				LastSwiftUpdateCheck = 1240;
				LastUpgradeCheck = 1240;
				TargetAttributes = {
					FD1096F225F252AE00C015BF = {
						CreatedOnToolsVersion = 12.4;
					};
				};
			};
			buildConfigurationList = FD1096EE25F252AE00C015BF /* Build configuration list for PBXProject "mvp_test" */;
			compatibilityVersion = "Xcode 9.3";
			developmentRegion = en;
			hasScannedForEncodings = 0;
			knownRegions = (
				en,
				Base,
			);
			mainGroup = FD1096EA25F252AE00C015BF;
			productRefGroup = FD1096F425F252AF00C015BF /* Products */;
			projectDirPath = "";
			projectRoot = "";
			targets = (
				FD1096F225F252AE00C015BF /* mvp_test */,
			);
		};
/* End PBXProject section */

/* Begin PBXResourcesBuildPhase section */
		FD1096F125F252AE00C015BF /* Resources */ = {
			isa = PBXResourcesBuildPhase;
			buildActionMask = 2147483647;
			files = (
				FD10970325F252BA00C015BF /* LaunchScreen.storyboard in Resources */,
				FDF69ACF25F8A0C9006EBE68 /* FirstView.xib in Resources */,
				FD10970025F252BA00C015BF /* Assets.xcassets in Resources */,
			);
			runOnlyForDeploymentPostprocessing = 0;
		};
/* End PBXResourcesBuildPhase section */

/* Begin PBXSourcesBuildPhase section */
		FD1096EF25F252AE00C015BF /* Sources */ = {
			isa = PBXSourcesBuildPhase;
			buildActionMask = 2147483647;
			files = (
				FDF69ADA25F8A204006EBE68 /* FirstCoordinator.swift in Sources */,
				FD1096F725F252AF00C015BF /* AppDelegate.swift in Sources */,
				FD1096F925F252AF00C015BF /* SceneDelegate.swift in Sources */,
				FDF69ACC25F89A1B006EBE68 /* FirstVM.swift in Sources */,
				FDF69AC925F899AD006EBE68 /* FirstVC.swift in Sources */,
			);
			runOnlyForDeploymentPostprocessing = 0;
		};
/* End PBXSourcesBuildPhase section */

/* Begin PBXVariantGroup section */
		FD10970125F252BA00C015BF /* LaunchScreen.storyboard */ = {
			isa = PBXVariantGroup;
			children = (
				FD10970225F252BA00C015BF /* Base */,
			);
			name = LaunchScreen.storyboard;
			sourceTree = "<group>";
		};
/* End PBXVariantGroup section */

/* Begin XCBuildConfiguration section */
		FD10970525F252BA00C015BF /* Debug */ = {
			isa = XCBuildConfiguration;
			buildSettings = {
				ALWAYS_SEARCH_USER_PATHS = NO;
				CLANG_ANALYZER_NONNULL = YES;
				CLANG_ANALYZER_NUMBER_OBJECT_CONVERSION = YES_AGGRESSIVE;
				CLANG_CXX_LANGUAGE_STANDARD = "gnu++14";
				CLANG_CXX_LIBRARY = "libc++";
				CLANG_ENABLE_MODULES = YES;
				CLANG_ENABLE_OBJC_ARC = YES;
				CLANG_ENABLE_OBJC_WEAK = YES;
				CLANG_WARN_BLOCK_CAPTURE_AUTORELEASING = YES;
				CLANG_WARN_BOOL_CONVERSION = YES;
				CLANG_WARN_COMMA = YES;
				CLANG_WARN_CONSTANT_CONVERSION = YES;
				CLANG_WARN_DEPRECATED_OBJC_IMPLEMENTATIONS = YES;
				CLANG_WARN_DIRECT_OBJC_ISA_USAGE = YES_ERROR;
				CLANG_WARN_DOCUMENTATION_COMMENTS = YES;
				CLANG_WARN_EMPTY_BODY = YES;
				CLANG_WARN_ENUM_CONVERSION = YES;
				CLANG_WARN_INFINITE_RECURSION = YES;
				CLANG_WARN_INT_CONVERSION = YES;
				CLANG_WARN_NON_LITERAL_NULL_CONVERSION = YES;
				CLANG_WARN_OBJC_IMPLICIT_RETAIN_SELF = YES;
				CLANG_WARN_OBJC_LITERAL_CONVERSION = YES;
				CLANG_WARN_OBJC_ROOT_CLASS = YES_ERROR;
				CLANG_WARN_QUOTED_INCLUDE_IN_FRAMEWORK_HEADER = YES;
				CLANG_WARN_RANGE_LOOP_ANALYSIS = YES;
				CLANG_WARN_STRICT_PROTOTYPES = YES;
				CLANG_WARN_SUSPICIOUS_MOVE = YES;
				CLANG_WARN_UNGUARDED_AVAILABILITY = YES_AGGRESSIVE;
				CLANG_WARN_UNREACHABLE_CODE = YES;
				CLANG_WARN__DUPLICATE_METHOD_MATCH = YES;
				COPY_PHASE_STRIP = NO;
				DEBUG_INFORMATION_FORMAT = dwarf;
				ENABLE_STRICT_OBJC_MSGSEND = YES;
				ENABLE_TESTABILITY = YES;
				GCC_C_LANGUAGE_STANDARD = gnu11;
				GCC_DYNAMIC_NO_PIC = NO;
				GCC_NO_COMMON_BLOCKS = YES;
				GCC_OPTIMIZATION_LEVEL = 0;
				GCC_PREPROCESSOR_DEFINITIONS = (
					"DEBUG=1",
					"$(inherited)",
				);
				GCC_WARN_64_TO_32_BIT_CONVERSION = YES;
				GCC_WARN_ABOUT_RETURN_TYPE = YES_ERROR;
				GCC_WARN_UNDECLARED_SELECTOR = YES;
				GCC_WARN_UNINITIALIZED_AUTOS = YES_AGGRESSIVE;
				GCC_WARN_UNUSED_FUNCTION = YES;
				GCC_WARN_UNUSED_VARIABLE = YES;
				IPHONEOS_DEPLOYMENT_TARGET = 14.4;
				MTL_ENABLE_DEBUG_INFO = INCLUDE_SOURCE;
				MTL_FAST_MATH = YES;
				ONLY_ACTIVE_ARCH = YES;
				SDKROOT = iphoneos;
				SWIFT_ACTIVE_COMPILATION_CONDITIONS = DEBUG;
				SWIFT_OPTIMIZATION_LEVEL = "-Onone";
			};
			name = Debug;
		};
		FD10970625F252BA00C015BF /* Release */ = {
			isa = XCBuildConfiguration;
			buildSettings = {
				ALWAYS_SEARCH_USER_PATHS = NO;
				CLANG_ANALYZER_NONNULL = YES;
				CLANG_ANALYZER_NUMBER_OBJECT_CONVERSION = YES_AGGRESSIVE;
				CLANG_CXX_LANGUAGE_STANDARD = "gnu++14";
				CLANG_CXX_LIBRARY = "libc++";
				CLANG_ENABLE_MODULES = YES;
				CLANG_ENABLE_OBJC_ARC = YES;
				CLANG_ENABLE_OBJC_WEAK = YES;
				CLANG_WARN_BLOCK_CAPTURE_AUTORELEASING = YES;
				CLANG_WARN_BOOL_CONVERSION = YES;
				CLANG_WARN_COMMA = YES;
				CLANG_WARN_CONSTANT_CONVERSION = YES;
				CLANG_WARN_DEPRECATED_OBJC_IMPLEMENTATIONS = YES;
				CLANG_WARN_DIRECT_OBJC_ISA_USAGE = YES_ERROR;
				CLANG_WARN_DOCUMENTATION_COMMENTS = YES;
				CLANG_WARN_EMPTY_BODY = YES;
				CLANG_WARN_ENUM_CONVERSION = YES;
				CLANG_WARN_INFINITE_RECURSION = YES;
				CLANG_WARN_INT_CONVERSION = YES;
				CLANG_WARN_NON_LITERAL_NULL_CONVERSION = YES;
				CLANG_WARN_OBJC_IMPLICIT_RETAIN_SELF = YES;
				CLANG_WARN_OBJC_LITERAL_CONVERSION = YES;
				CLANG_WARN_OBJC_ROOT_CLASS = YES_ERROR;
				CLANG_WARN_QUOTED_INCLUDE_IN_FRAMEWORK_HEADER = YES;
				CLANG_WARN_RANGE_LOOP_ANALYSIS = YES;
				CLANG_WARN_STRICT_PROTOTYPES = YES;
				CLANG_WARN_SUSPICIOUS_MOVE = YES;
				CLANG_WARN_UNGUARDED_AVAILABILITY = YES_AGGRESSIVE;
				CLANG_WARN_UNREACHABLE_CODE = YES;
				CLANG_WARN__DUPLICATE_METHOD_MATCH = YES;
				COPY_PHASE_STRIP = NO;
				DEBUG_INFORMATION_FORMAT = "dwarf-with-dsym";
				ENABLE_NS_ASSERTIONS = NO;
				ENABLE_STRICT_OBJC_MSGSEND = YES;
				GCC_C_LANGUAGE_STANDARD = gnu11;
				GCC_NO_COMMON_BLOCKS = YES;
				GCC_WARN_64_TO_32_BIT_CONVERSION = YES;
				GCC_WARN_ABOUT_RETURN_TYPE = YES_ERROR;
				GCC_WARN_UNDECLARED_SELECTOR = YES;
				GCC_WARN_UNINITIALIZED_AUTOS = YES_AGGRESSIVE;
				GCC_WARN_UNUSED_FUNCTION = YES;
				GCC_WARN_UNUSED_VARIABLE = YES;
				IPHONEOS_DEPLOYMENT_TARGET = 14.4;
				MTL_ENABLE_DEBUG_INFO = NO;
				MTL_FAST_MATH = YES;
				SDKROOT = iphoneos;
				SWIFT_COMPILATION_MODE = wholemodule;
				SWIFT_OPTIMIZATION_LEVEL = "-O";
				VALIDATE_PRODUCT = YES;
			};
			name = Release;
		};
		FD10970825F252BA00C015BF /* Debug */ = {
			isa = XCBuildConfiguration;
			buildSettings = {
				ASSETCATALOG_COMPILER_APPICON_NAME = AppIcon;
				ASSETCATALOG_COMPILER_GLOBAL_ACCENT_COLOR_NAME = AccentColor;
				CODE_SIGN_STYLE = Automatic;
				DEVELOPMENT_TEAM = RH4ADBYDUN;
				INFOPLIST_FILE = mvp_test/Info.plist;
				LD_RUNPATH_SEARCH_PATHS = (
					"$(inherited)",
					"@executable_path/Frameworks",
				);
				PRODUCT_BUNDLE_IDENTIFIER = "test.mvp-test";
				PRODUCT_NAME = "$(TARGET_NAME)";
				SWIFT_VERSION = 5.0;
				TARGETED_DEVICE_FAMILY = "1,2";
			};
			name = Debug;
		};
		FD10970925F252BA00C015BF /* Release */ = {
			isa = XCBuildConfiguration;
			buildSettings = {
				ASSETCATALOG_COMPILER_APPICON_NAME = AppIcon;
				ASSETCATALOG_COMPILER_GLOBAL_ACCENT_COLOR_NAME = AccentColor;
				CODE_SIGN_STYLE = Automatic;
				DEVELOPMENT_TEAM = RH4ADBYDUN;
				INFOPLIST_FILE = mvp_test/Info.plist;
				LD_RUNPATH_SEARCH_PATHS = (
					"$(inherited)",
					"@executable_path/Frameworks",
				);
				PRODUCT_BUNDLE_IDENTIFIER = "test.mvp-test";
				PRODUCT_NAME = "$(TARGET_NAME)";
				SWIFT_VERSION = 5.0;
				TARGETED_DEVICE_FAMILY = "1,2";
			};
			name = Release;
		};
/* End XCBuildConfiguration section */

/* Begin XCConfigurationList section */
		FD1096EE25F252AE00C015BF /* Build configuration list for PBXProject "mvp_test" */ = {
			isa = XCConfigurationList;
			buildConfigurations = (
				FD10970525F252BA00C015BF /* Debug */,
				FD10970625F252BA00C015BF /* Release */,
			);
			defaultConfigurationIsVisible = 0;
			defaultConfigurationName = Release;
		};
		FD10970725F252BA00C015BF /* Build configuration list for PBXNativeTarget "mvp_test" */ = {
			isa = XCConfigurationList;
			buildConfigurations = (
				FD10970825F252BA00C015BF /* Debug */,
				FD10970925F252BA00C015BF /* Release */,
			);
			defaultConfigurationIsVisible = 0;
			defaultConfigurationName = Release;
		};
/* End XCConfigurationList section */
	};
	rootObject = FD1096EB25F252AE00C015BF /* Project object */;
}
